
Microsoft Visual Studio Solution File, Format Version 12.00
# Visual Studio Version 17
VisualStudioVersion = 17.9.34723.18
MinimumVisualStudioVersion = 10.0.40219.1
Project("{2150E333-8FDC-42A3-9474-1A3956D46DE8}") = "src", "src", "{EBCEB319-5004-41E9-8C5F-6BB69F531064}"
EndProject
Project("{2150E333-8FDC-42A3-9474-1A3956D46DE8}") = "Core", "Core", "{2B919817-C7DF-4FB1-9C70-87B9188FDE34}"
EndProject
Project("{2150E333-8FDC-42A3-9474-1A3956D46DE8}") = "Modules", "Modules", "{BD6EDEE6-8102-4AF2-858E-78FD6568B95D}"
EndProject
Project("{9A19103F-16F7-4668-BE54-9A1E7A4F7556}") = "WMS.Core.Domain", "src\Core\WMS.Core.Domain\WMS.Core.Domain.csproj", "{5EB94945-8553-4FC6-B894-84AECD39D782}"
EndProject
Project("{9A19103F-16F7-4668-BE54-9A1E7A4F7556}") = "WMS.Core.Application", "src\Core\WMS.Core.Application\WMS.Core.Application.csproj", "{FD32DED2-E8E2-41DF-9521-37D93EE83F3A}"
EndProject
Project("{9A19103F-16F7-4668-BE54-9A1E7A4F7556}") = "WMS.Core.Infrastructure", "src\Core\WMS.Core.Infrastructure\WMS.Core.Infrastructure.csproj", "{17C46A32-E66F-4889-A7F4-2F08DD39A43A}"
EndProject
Project("{9A19103F-16F7-4668-BE54-9A1E7A4F7556}") = "WMS.Core.Api", "src\Core\WMS.Core.Api\WMS.Core.Api.csproj", "{116D48C8-7E33-4164-BDFC-DB7BD6152C77}"
EndProject
Project("{2150E333-8FDC-42A3-9474-1A3956D46DE8}") = "WF", "WF", "{2B9B3A75-0C3A-411D-AD29-AA4DFF497130}"
EndProject
Project("{9A19103F-16F7-4668-BE54-9A1E7A4F7556}") = "WMS.WF.UI", "src\Modules\WMS.WF.UI\WMS.WF.UI.csproj", "{9F4A32DA-EAB0-45F7-9368-0BE23935AE81}"
EndProject
Project("{9A19103F-16F7-4668-BE54-9A1E7A4F7556}") = "WMS.WF.Infrastructure", "src\Modules\WMS.WF.Infrastructure\WMS.WF.Infrastructure.csproj", "{FBF52897-3AF4-4C99-86C5-FF1E6082A206}"
EndProject
Project("{9A19103F-16F7-4668-BE54-9A1E7A4F7556}") = "WMS.WF.Application", "src\Modules\WMS.WF.Application\WMS.WF.Application.csproj", "{439DB20F-134A-4F5D-99CD-997E55CBA5AD}"
EndProject
Global
	GlobalSection(SolutionConfigurationPlatforms) = preSolution
		Debug|Any CPU = Debug|Any CPU
		Release|Any CPU = Release|Any CPU
	EndGlobalSection
	GlobalSection(ProjectConfigurationPlatforms) = postSolution
		{5EB94945-8553-4FC6-B894-84AECD39D782}.Debug|Any CPU.ActiveCfg = Debug|Any CPU
		{5EB94945-8553-4FC6-B894-84AECD39D782}.Debug|Any CPU.Build.0 = Debug|Any CPU
		{5EB94945-8553-4FC6-B894-84AECD39D782}.Release|Any CPU.ActiveCfg = Release|Any CPU
		{5EB94945-8553-4FC6-B894-84AECD39D782}.Release|Any CPU.Build.0 = Release|Any CPU
		{FD32DED2-E8E2-41DF-9521-37D93EE83F3A}.Debug|Any CPU.ActiveCfg = Debug|Any CPU
		{FD32DED2-E8E2-41DF-9521-37D93EE83F3A}.Debug|Any CPU.Build.0 = Debug|Any CPU
		{FD32DED2-E8E2-41DF-9521-37D93EE83F3A}.Release|Any CPU.ActiveCfg = Release|Any CPU
		{FD32DED2-E8E2-41DF-9521-37D93EE83F3A}.Release|Any CPU.Build.0 = Release|Any CPU
		{17C46A32-E66F-4889-A7F4-2F08DD39A43A}.Debug|Any CPU.ActiveCfg = Debug|Any CPU
		{17C46A32-E66F-4889-A7F4-2F08DD39A43A}.Debug|Any CPU.Build.0 = Debug|Any CPU
		{17C46A32-E66F-4889-A7F4-2F08DD39A43A}.Release|Any CPU.ActiveCfg = Release|Any CPU
		{17C46A32-E66F-4889-A7F4-2F08DD39A43A}.Release|Any CPU.Build.0 = Release|Any CPU
		{116D48C8-7E33-4164-BDFC-DB7BD6152C77}.Debug|Any CPU.ActiveCfg = Debug|Any CPU
		{116D48C8-7E33-4164-BDFC-DB7BD6152C77}.Debug|Any CPU.Build.0 = Debug|Any CPU
		{116D48C8-7E33-4164-BDFC-DB7BD6152C77}.Release|Any CPU.ActiveCfg = Release|Any CPU
		{116D48C8-7E33-4164-BDFC-DB7BD6152C77}.Release|Any CPU.Build.0 = Release|Any CPU
		{9F4A32DA-EAB0-45F7-9368-0BE23935AE81}.Debug|Any CPU.ActiveCfg = Debug|Any CPU
		{9F4A32DA-EAB0-45F7-9368-0BE23935AE81}.Debug|Any CPU.Build.0 = Debug|Any CPU
		{9F4A32DA-EAB0-45F7-9368-0BE23935AE81}.Release|Any CPU.ActiveCfg = Release|Any CPU
		{9F4A32DA-EAB0-45F7-9368-0BE23935AE81}.Release|Any CPU.Build.0 = Release|Any CPU
		{FBF52897-3AF4-4C99-86C5-FF1E6082A206}.Debug|Any CPU.ActiveCfg = Debug|Any CPU
		{FBF52897-3AF4-4C99-86C5-FF1E6082A206}.Debug|Any CPU.Build.0 = Debug|Any CPU
		{FBF52897-3AF4-4C99-86C5-FF1E6082A206}.Release|Any CPU.ActiveCfg = Release|Any CPU
		{FBF52897-3AF4-4C99-86C5-FF1E6082A206}.Release|Any CPU.Build.0 = Release|Any CPU
		{439DB20F-134A-4F5D-99CD-997E55CBA5AD}.Debug|Any CPU.ActiveCfg = Debug|Any CPU
		{439DB20F-134A-4F5D-99CD-997E55CBA5AD}.Debug|Any CPU.Build.0 = Debug|Any CPU
		{439DB20F-134A-4F5D-99CD-997E55CBA5AD}.Release|Any CPU.ActiveCfg = Release|Any CPU
		{439DB20F-134A-4F5D-99CD-997E55CBA5AD}.Release|Any CPU.Build.0 = Release|Any CPU
	EndGlobalSection
	GlobalSection(SolutionProperties) = preSolution
		HideSolutionNode = FALSE
	EndGlobalSection
	GlobalSection(NestedProjects) = preSolution
		{2B919817-C7DF-4FB1-9C70-87B9188FDE34} = {EBCEB319-5004-41E9-8C5F-6BB69F531064}
		{BD6EDEE6-8102-4AF2-858E-78FD6568B95D} = {EBCEB319-5004-41E9-8C5F-6BB69F531064}
		{5EB94945-8553-4FC6-B894-84AECD39D782} = {2B919817-C7DF-4FB1-9C70-87B9188FDE34}
		{FD32DED2-E8E2-41DF-9521-37D93EE83F3A} = {2B919817-C7DF-4FB1-9C70-87B9188FDE34}
		{17C46A32-E66F-4889-A7F4-2F08DD39A43A} = {2B919817-C7DF-4FB1-9C70-87B9188FDE34}
		{116D48C8-7E33-4164-BDFC-DB7BD6152C77} = {2B919817-C7DF-4FB1-9C70-87B9188FDE34}
		{2B9B3A75-0C3A-411D-AD29-AA4DFF497130} = {BD6EDEE6-8102-4AF2-858E-78FD6568B95D}
		{9F4A32DA-EAB0-45F7-9368-0BE23935AE81} = {2B9B3A75-0C3A-411D-AD29-AA4DFF497130}
		{FBF52897-3AF4-4C99-86C5-FF1E6082A206} = {2B9B3A75-0C3A-411D-AD29-AA4DFF497130}
		{439DB20F-134A-4F5D-99CD-997E55CBA5AD} = {2B9B3A75-0C3A-411D-AD29-AA4DFF497130}
	EndGlobalSection
	GlobalSection(ExtensibilityGlobals) = postSolution
		SolutionGuid = {9EC67BA4-D493-4228-AB02-159BA997C298}
	EndGlobalSection
EndGlobal
